
Microsoft Visual Studio Solution File, Format Version 12.00
# Visual Studio Version 17
VisualStudioVersion = 17.2.32616.157
MinimumVisualStudioVersion = 10.0.40219.1
Project("{9A19103F-16F7-4668-BE54-9A1E7A4F7556}") = "BlogProjem.Model", "BlogProjem.Model\BlogProjem.Model.csproj", "{758454B7-41D8-4575-9591-2C714F7FD884}"
EndProject
Project("{9A19103F-16F7-4668-BE54-9A1E7A4F7556}") = "BlogProjem.Dal", "BlogProjem.Dal\BlogProjem.Dal.csproj", "{B778907D-2088-4731-BF06-7562F7A5DAE9}"
EndProject
Project("{2150E333-8FDC-42A3-9474-1A3956D46DE8}") = "Doc", "Doc", "{463366C4-2C32-4F98-B500-1761A0634A4F}"
	ProjectSection(SolutionItems) = preProject
		ReadMe.txt = ReadMe.txt
	EndProjectSection
EndProject
Project("{9A19103F-16F7-4668-BE54-9A1E7A4F7556}") = "BlogProjem.Web", "BlogProjem.Web\BlogProjem.Web.csproj", "{8DC8C254-0D89-4BC2-A811-DFF9DCE6D19F}"
EndProject
Global
	GlobalSection(SolutionConfigurationPlatforms) = preSolution
		Debug|Any CPU = Debug|Any CPU
		Release|Any CPU = Release|Any CPU
	EndGlobalSection
	GlobalSection(ProjectConfigurationPlatforms) = postSolution
		{758454B7-41D8-4575-9591-2C714F7FD884}.Debug|Any CPU.ActiveCfg = Debug|Any CPU
		{758454B7-41D8-4575-9591-2C714F7FD884}.Debug|Any CPU.Build.0 = Debug|Any CPU
		{758454B7-41D8-4575-9591-2C714F7FD884}.Release|Any CPU.ActiveCfg = Release|Any CPU
		{758454B7-41D8-4575-9591-2C714F7FD884}.Release|Any CPU.Build.0 = Release|Any CPU
		{B778907D-2088-4731-BF06-7562F7A5DAE9}.Debug|Any CPU.ActiveCfg = Debug|Any CPU
		{B778907D-2088-4731-BF06-7562F7A5DAE9}.Debug|Any CPU.Build.0 = Debug|Any CPU
		{B778907D-2088-4731-BF06-7562F7A5DAE9}.Release|Any CPU.ActiveCfg = Release|Any CPU
		{B778907D-2088-4731-BF06-7562F7A5DAE9}.Release|Any CPU.Build.0 = Release|Any CPU
		{8DC8C254-0D89-4BC2-A811-DFF9DCE6D19F}.Debug|Any CPU.ActiveCfg = Debug|Any CPU
		{8DC8C254-0D89-4BC2-A811-DFF9DCE6D19F}.Debug|Any CPU.Build.0 = Debug|Any CPU
		{8DC8C254-0D89-4BC2-A811-DFF9DCE6D19F}.Release|Any CPU.ActiveCfg = Release|Any CPU
		{8DC8C254-0D89-4BC2-A811-DFF9DCE6D19F}.Release|Any CPU.Build.0 = Release|Any CPU
	EndGlobalSection
	GlobalSection(SolutionProperties) = preSolution
		HideSolutionNode = FALSE
	EndGlobalSection
	GlobalSection(ExtensibilityGlobals) = postSolution
		SolutionGuid = {652B430F-C06F-4E02-9FD4-1715D465B4F3}
	EndGlobalSection
EndGlobal
